PODS:
  - connectivity_plus (0.0.1):
    - Flutter
    - ReachabilitySwift
  - Flutter (1.0.0)
  - path_provider_foundation (0.0.1):
    - Flutter
    - FlutterMacOS
  - ReachabilitySwift (5.0.0)
  - sqlite3 (3.45.1):
    - sqlite3/common (= 3.45.1)
  - sqlite3/common (3.45.1)
  - sqlite3/fts5 (3.45.1):
    - sqlite3/common
  - sqlite3/perf-threadsafe (3.45.1):
    - sqlite3/common
  - sqlite3/rtree (3.45.1):
    - sqlite3/common
  - sqlite3_flutter_libs (0.0.1):
    - Flutter
    - sqlite3 (~> 3.45.1)
    - sqlite3/fts5
    - sqlite3/perf-threadsafe
    - sqlite3/rtree

DEPENDENCIES:
  - connectivity_plus (from `.symlinks/plugins/connectivity_plus/ios`)
  - Flutter (from `Flutter`)
  - path_provider_foundation (from `.symlinks/plugins/path_provider_foundation/darwin`)
  - sqlite3_flutter_libs (from `.symlinks/plugins/sqlite3_flutter_libs/ios`)

SPEC REPOS:
  trunk:
    - ReachabilitySwift
    - sqlite3

EXTERNAL SOURCES:
  connectivity_plus:
    :path: ".symlinks/plugins/connectivity_plus/ios"
  Flutter:
    :path: Flutter
  path_provider_foundation:
    :path: ".symlinks/plugins/path_provider_foundation/darwin"
  sqlite3_flutter_libs:
    :path: ".symlinks/plugins/sqlite3_flutter_libs/ios"

SPEC CHECKSUMS:
  connectivity_plus: bf0076dd84a130856aa636df1c71ccaff908fa1d
  Flutter: e0871f40cf51350855a761d2e70bf5af5b9b5de7
  path_provider_foundation: 3784922295ac71e43754bd15e0653ccfd36a147c
  ReachabilitySwift: 985039c6f7b23a1da463388634119492ff86c825
  sqlite3: 73b7fc691fdc43277614250e04d183740cb15078
  sqlite3_flutter_libs: af0e8fe9bce48abddd1ffdbbf839db0302d72d80

PODFILE CHECKSUM: 819463e6a0290f5a72f145ba7cde16e8b6ef0796

COCOAPODS: 1.13.0
